// !$*UTF8*$!
{
	archiveVersion = 1;
	classes = {
	};
	objectVersion = 46;
	objects = {

/* Begin PBXBuildFile section */
		3B210B642FBF7456B8E86326 /* libPods-Log.a in Frameworks */ = {isa = PBXBuildFile; fileRef = 0F9422C24AADB38BDE8E5B28 /* libPods-Log.a */; };
		90D71495017FA28CD3A6BCAB /* Logger.swift in Sources */ = {isa = PBXBuildFile; fileRef = 90D71BA1526E58C15B09AA53 /* Logger.swift */; };
		90D71AED430959C4E0A6131C /* Level.swift in Sources */ = {isa = PBXBuildFile; fileRef = 90D71A9FB51EC3F3B94C8653 /* Level.swift */; };
		90D71F46985120341FAA1C29 /* LoggerTest.swift in Sources */ = {isa = PBXBuildFile; fileRef = 90D7162C4AFE6B1B7FED858D /* LoggerTest.swift */; };
		B972DB2A1C5E136000AE81D7 /* Log.h in Headers */ = {isa = PBXBuildFile; fileRef = B972DB291C5E136000AE81D7 /* Log.h */; settings = {ATTRIBUTES = (Public, ); }; };
		B972DB311C5E136000AE81D7 /* Log.framework in Frameworks */ = {isa = PBXBuildFile; fileRef = B972DB261C5E136000AE81D7 /* Log.framework */; };
		E820C68DF3C2487F9976710D /* Pods_LogTests.framework in Frameworks */ = {isa = PBXBuildFile; fileRef = A0473484602E3EB7C483DFF6 /* Pods_LogTests.framework */; };
/* End PBXBuildFile section */

/* Begin PBXContainerItemProxy section */
		B972DB321C5E136000AE81D7 /* PBXContainerItemProxy */ = {
			isa = PBXContainerItemProxy;
			containerPortal = B972DB1D1C5E136000AE81D7 /* Project object */;
			proxyType = 1;
			remoteGlobalIDString = B972DB251C5E136000AE81D7;
			remoteInfo = Log;
		};
/* End PBXContainerItemProxy section */

/* Begin PBXFileReference section */
		0F9422C24AADB38BDE8E5B28 /* libPods-Log.a */ = {isa = PBXFileReference; explicitFileType = archive.ar; includeInIndex = 0; path = "libPods-Log.a"; sourceTree = BUILT_PRODUCTS_DIR; };
		6F8F36BC695FC0870FD27682 /* Pods-Log.release.xcconfig */ = {isa = PBXFileReference; includeInIndex = 1; lastKnownFileType = text.xcconfig; name = "Pods-Log.release.xcconfig"; path = "Pods/Target Support Files/Pods-Log/Pods-Log.release.xcconfig"; sourceTree = "<group>"; };
		90D7162C4AFE6B1B7FED858D /* LoggerTest.swift */ = {isa = PBXFileReference; fileEncoding = 4; lastKnownFileType = sourcecode.swift; path = LoggerTest.swift; sourceTree = "<group>"; };
		90D71A9FB51EC3F3B94C8653 /* Level.swift */ = {isa = PBXFileReference; fileEncoding = 4; lastKnownFileType = sourcecode.swift; path = Level.swift; sourceTree = "<group>"; };
		90D71BA1526E58C15B09AA53 /* Logger.swift */ = {isa = PBXFileReference; fileEncoding = 4; lastKnownFileType = sourcecode.swift; path = Logger.swift; sourceTree = "<group>"; };
		A0473484602E3EB7C483DFF6 /* Pods_LogTests.framework */ = {isa = PBXFileReference; explicitFileType = wrapper.framework; includeInIndex = 0; path = Pods_LogTests.framework; sourceTree = BUILT_PRODUCTS_DIR; };
		A4D830E74A2028060524CC59 /* Pods-Log.debug.xcconfig */ = {isa = PBXFileReference; includeInIndex = 1; lastKnownFileType = text.xcconfig; name = "Pods-Log.debug.xcconfig"; path = "Pods/Target Support Files/Pods-Log/Pods-Log.debug.xcconfig"; sourceTree = "<group>"; };
		B26F8D5C4C740ACD4D44B7D8 /* Pods-LogTests.debug.xcconfig */ = {isa = PBXFileReference; includeInIndex = 1; lastKnownFileType = text.xcconfig; name = "Pods-LogTests.debug.xcconfig"; path = "Pods/Target Support Files/Pods-LogTests/Pods-LogTests.debug.xcconfig"; sourceTree = "<group>"; };
		B972DB261C5E136000AE81D7 /* Log.framework */ = {isa = PBXFileReference; explicitFileType = wrapper.framework; includeInIndex = 0; path = Log.framework; sourceTree = BUILT_PRODUCTS_DIR; };
		B972DB291C5E136000AE81D7 /* Log.h */ = {isa = PBXFileReference; lastKnownFileType = sourcecode.c.h; path = Log.h; sourceTree = "<group>"; };
		B972DB2B1C5E136000AE81D7 /* Info.plist */ = {isa = PBXFileReference; lastKnownFileType = text.plist.xml; path = Info.plist; sourceTree = "<group>"; };
		B972DB301C5E136000AE81D7 /* LogTests.xctest */ = {isa = PBXFileReference; explicitFileType = wrapper.cfbundle; includeInIndex = 0; path = LogTests.xctest; sourceTree = BUILT_PRODUCTS_DIR; };
		B972DB371C5E136000AE81D7 /* Info.plist */ = {isa = PBXFileReference; lastKnownFileType = text.plist.xml; path = Info.plist; sourceTree = "<group>"; };
		E1D45C24564522A912C6187D /* Pods-LogTests.release.xcconfig */ = {isa = PBXFileReference; includeInIndex = 1; lastKnownFileType = text.xcconfig; name = "Pods-LogTests.release.xcconfig"; path = "Pods/Target Support Files/Pods-LogTests/Pods-LogTests.release.xcconfig"; sourceTree = "<group>"; };
/* End PBXFileReference section */

/* Begin PBXFrameworksBuildPhase section */
		B972DB221C5E136000AE81D7 /* Frameworks */ = {
			isa = PBXFrameworksBuildPhase;
			buildActionMask = 2147483647;
			files = (
				3B210B642FBF7456B8E86326 /* libPods-Log.a in Frameworks */,
			);
			runOnlyForDeploymentPostprocessing = 0;
		};
		B972DB2D1C5E136000AE81D7 /* Frameworks */ = {
			isa = PBXFrameworksBuildPhase;
			buildActionMask = 2147483647;
			files = (
				B972DB311C5E136000AE81D7 /* Log.framework in Frameworks */,
				E820C68DF3C2487F9976710D /* Pods_LogTests.framework in Frameworks */,
			);
			runOnlyForDeploymentPostprocessing = 0;
		};
/* End PBXFrameworksBuildPhase section */

/* Begin PBXGroup section */
		3EE4F41758BD5F6CC54CD58E /* Pods */ = {
			isa = PBXGroup;
			children = (
				A4D830E74A2028060524CC59 /* Pods-Log.debug.xcconfig */,
				6F8F36BC695FC0870FD27682 /* Pods-Log.release.xcconfig */,
				B26F8D5C4C740ACD4D44B7D8 /* Pods-LogTests.debug.xcconfig */,
				E1D45C24564522A912C6187D /* Pods-LogTests.release.xcconfig */,
			);
			name = Pods;
			sourceTree = "<group>";
		};
		53F1F5E36DADE175D14EA611 /* Frameworks */ = {
			isa = PBXGroup;
			children = (
				0F9422C24AADB38BDE8E5B28 /* libPods-Log.a */,
				A0473484602E3EB7C483DFF6 /* Pods_LogTests.framework */,
			);
			name = Frameworks;
			sourceTree = "<group>";
		};
		B972DB1C1C5E136000AE81D7 = {
			isa = PBXGroup;
			children = (
				B972DB281C5E136000AE81D7 /* Log */,
				B972DB341C5E136000AE81D7 /* LogTests */,
				B972DB271C5E136000AE81D7 /* Products */,
				3EE4F41758BD5F6CC54CD58E /* Pods */,
				53F1F5E36DADE175D14EA611 /* Frameworks */,
			);
			sourceTree = "<group>";
		};
		B972DB271C5E136000AE81D7 /* Products */ = {
			isa = PBXGroup;
			children = (
				B972DB261C5E136000AE81D7 /* Log.framework */,
				B972DB301C5E136000AE81D7 /* LogTests.xctest */,
			);
			name = Products;
			sourceTree = "<group>";
		};
		B972DB281C5E136000AE81D7 /* Log */ = {
			isa = PBXGroup;
			children = (
				B972DB291C5E136000AE81D7 /* Log.h */,
				B972DB2B1C5E136000AE81D7 /* Info.plist */,
				90D71BA1526E58C15B09AA53 /* Logger.swift */,
				90D71A9FB51EC3F3B94C8653 /* Level.swift */,
			);
			path = Log;
			sourceTree = "<group>";
		};
		B972DB341C5E136000AE81D7 /* LogTests */ = {
			isa = PBXGroup;
			children = (
				B972DB371C5E136000AE81D7 /* Info.plist */,
				90D7162C4AFE6B1B7FED858D /* LoggerTest.swift */,
			);
			path = LogTests;
			sourceTree = "<group>";
		};
/* End PBXGroup section */

/* Begin PBXHeadersBuildPhase section */
		B972DB231C5E136000AE81D7 /* Headers */ = {
			isa = PBXHeadersBuildPhase;
			buildActionMask = 2147483647;
			files = (
				B972DB2A1C5E136000AE81D7 /* Log.h in Headers */,
			);
			runOnlyForDeploymentPostprocessing = 0;
		};
/* End PBXHeadersBuildPhase section */

/* Begin PBXNativeTarget section */
		B972DB251C5E136000AE81D7 /* Log */ = {
			isa = PBXNativeTarget;
			buildConfigurationList = B972DB3A1C5E136000AE81D7 /* Build configuration list for PBXNativeTarget "Log" */;
			buildPhases = (
				C973C0B4CEDD0BE624377A70 /* [CP] Check Pods Manifest.lock */,
				B972DB211C5E136000AE81D7 /* Sources */,
				B972DB221C5E136000AE81D7 /* Frameworks */,
				B972DB231C5E136000AE81D7 /* Headers */,
				B972DB241C5E136000AE81D7 /* Resources */,
				4BA31D4C1FE1B59F781A52C9 /* [CP] Copy Pods Resources */,
			);
			buildRules = (
			);
			dependencies = (
			);
			name = Log;
			productName = Log;
			productReference = B972DB261C5E136000AE81D7 /* Log.framework */;
			productType = "com.apple.product-type.framework";
		};
		B972DB2F1C5E136000AE81D7 /* LogTests */ = {
			isa = PBXNativeTarget;
			buildConfigurationList = B972DB3D1C5E136000AE81D7 /* Build configuration list for PBXNativeTarget "LogTests" */;
			buildPhases = (
				1C4F0A654DF953D1877359D1 /* [CP] Check Pods Manifest.lock */,
				B972DB2C1C5E136000AE81D7 /* Sources */,
				B972DB2D1C5E136000AE81D7 /* Frameworks */,
				B972DB2E1C5E136000AE81D7 /* Resources */,
				D03E9014B67CB8EDAB89CB47 /* [CP] Embed Pods Frameworks */,
				9ADA3A66F40CC63F709E8637 /* [CP] Copy Pods Resources */,
			);
			buildRules = (
			);
			dependencies = (
				B972DB331C5E136000AE81D7 /* PBXTargetDependency */,
			);
			name = LogTests;
			productName = LogTests;
			productReference = B972DB301C5E136000AE81D7 /* LogTests.xctest */;
			productType = "com.apple.product-type.bundle.unit-test";
		};
/* End PBXNativeTarget section */

/* Begin PBXProject section */
		B972DB1D1C5E136000AE81D7 /* Project object */ = {
			isa = PBXProject;
			attributes = {
				LastSwiftUpdateCheck = 0720;
				LastUpgradeCheck = 0800;
				ORGANIZATIONNAME = "Deuterium-Ice";
				TargetAttributes = {
					B972DB251C5E136000AE81D7 = {
						CreatedOnToolsVersion = 7.2;
						LastSwiftMigration = 0800;
					};
					B972DB2F1C5E136000AE81D7 = {
						CreatedOnToolsVersion = 7.2;
						LastSwiftMigration = 0800;
					};
				};
			};
			buildConfigurationList = B972DB201C5E136000AE81D7 /* Build configuration list for PBXProject "Log" */;
			compatibilityVersion = "Xcode 3.2";
			developmentRegion = English;
			hasScannedForEncodings = 0;
			knownRegions = (
				en,
			);
			mainGroup = B972DB1C1C5E136000AE81D7;
			productRefGroup = B972DB271C5E136000AE81D7 /* Products */;
			projectDirPath = "";
			projectRoot = "";
			targets = (
				B972DB251C5E136000AE81D7 /* Log */,
				B972DB2F1C5E136000AE81D7 /* LogTests */,
			);
		};
/* End PBXProject section */

/* Begin PBXResourcesBuildPhase section */
		B972DB241C5E136000AE81D7 /* Resources */ = {
			isa = PBXResourcesBuildPhase;
			buildActionMask = 2147483647;
			files = (
			);
			runOnlyForDeploymentPostprocessing = 0;
		};
		B972DB2E1C5E136000AE81D7 /* Resources */ = {
			isa = PBXResourcesBuildPhase;
			buildActionMask = 2147483647;
			files = (
			);
			runOnlyForDeploymentPostprocessing = 0;
		};
/* End PBXResourcesBuildPhase section */

/* Begin PBXShellScriptBuildPhase section */
		1C4F0A654DF953D1877359D1 /* [CP] Check Pods Manifest.lock */ = {
			isa = PBXShellScriptBuildPhase;
			buildActionMask = 2147483647;
			files = (
			);
			inputPaths = (
			);
			name = "[CP] Check Pods Manifest.lock";
			outputPaths = (
			);
			runOnlyForDeploymentPostprocessing = 0;
			shellPath = /bin/sh;
			shellScript = "diff \"${PODS_ROOT}/../Podfile.lock\" \"${PODS_ROOT}/Manifest.lock\" > /dev/null\nif [[ $? != 0 ]] ; then\n    cat << EOM\nerror: The sandbox is not in sync with the Podfile.lock. Run 'pod install' or update your CocoaPods installation.\nEOM\n    exit 1\nfi\n";
			showEnvVarsInLog = 0;
		};
		4BA31D4C1FE1B59F781A52C9 /* [CP] Copy Pods Resources */ = {
			isa = PBXShellScriptBuildPhase;
			buildActionMask = 2147483647;
			files = (
			);
			inputPaths = (
			);
			name = "[CP] Copy Pods Resources";
			outputPaths = (
			);
			runOnlyForDeploymentPostprocessing = 0;
			shellPath = /bin/sh;
			shellScript = "\"${SRCROOT}/Pods/Target Support Files/Pods-Log/Pods-Log-resources.sh\"\n";
			showEnvVarsInLog = 0;
		};
		9ADA3A66F40CC63F709E8637 /* [CP] Copy Pods Resources */ = {
			isa = PBXShellScriptBuildPhase;
			buildActionMask = 2147483647;
			files = (
			);
			inputPaths = (
			);
			name = "[CP] Copy Pods Resources";
			outputPaths = (
			);
			runOnlyForDeploymentPostprocessing = 0;
			shellPath = /bin/sh;
			shellScript = "\"${SRCROOT}/Pods/Target Support Files/Pods-LogTests/Pods-LogTests-resources.sh\"\n";
			showEnvVarsInLog = 0;
		};
		C973C0B4CEDD0BE624377A70 /* [CP] Check Pods Manifest.lock */ = {
			isa = PBXShellScriptBuildPhase;
			buildActionMask = 2147483647;
			files = (
			);
			inputPaths = (
			);
			name = "[CP] Check Pods Manifest.lock";
			outputPaths = (
			);
			runOnlyForDeploymentPostprocessing = 0;
			shellPath = /bin/sh;
			shellScript = "diff \"${PODS_ROOT}/../Podfile.lock\" \"${PODS_ROOT}/Manifest.lock\" > /dev/null\nif [[ $? != 0 ]] ; then\n    cat << EOM\nerror: The sandbox is not in sync with the Podfile.lock. Run 'pod install' or update your CocoaPods installation.\nEOM\n    exit 1\nfi\n";
			showEnvVarsInLog = 0;
		};
		D03E9014B67CB8EDAB89CB47 /* [CP] Embed Pods Frameworks */ = {
			isa = PBXShellScriptBuildPhase;
			buildActionMask = 2147483647;
			files = (
			);
			inputPaths = (
			);
			name = "[CP] Embed Pods Frameworks";
			outputPaths = (
			);
			runOnlyForDeploymentPostprocessing = 0;
			shellPath = /bin/sh;
			shellScript = "\"${SRCROOT}/Pods/Target Support Files/Pods-LogTests/Pods-LogTests-frameworks.sh\"\n";
			showEnvVarsInLog = 0;
		};
/* End PBXShellScriptBuildPhase section */

/* Begin PBXSourcesBuildPhase section */
		B972DB211C5E136000AE81D7 /* Sources */ = {
			isa = PBXSourcesBuildPhase;
			buildActionMask = 2147483647;
			files = (
				90D71495017FA28CD3A6BCAB /* Logger.swift in Sources */,
				90D71AED430959C4E0A6131C /* Level.swift in Sources */,
			);
			runOnlyForDeploymentPostprocessing = 0;
		};
		B972DB2C1C5E136000AE81D7 /* Sources */ = {
			isa = PBXSourcesBuildPhase;
			buildActionMask = 2147483647;
			files = (
				90D71F46985120341FAA1C29 /* LoggerTest.swift in Sources */,
			);
			runOnlyForDeploymentPostprocessing = 0;
		};
/* End PBXSourcesBuildPhase section */

/* Begin PBXTargetDependency section */
		B972DB331C5E136000AE81D7 /* PBXTargetDependency */ = {
			isa = PBXTargetDependency;
			target = B972DB251C5E136000AE81D7 /* Log */;
			targetProxy = B972DB321C5E136000AE81D7 /* PBXContainerItemProxy */;
		};
/* End PBXTargetDependency section */

/* Begin XCBuildConfiguration section */
		B972DB381C5E136000AE81D7 /* Debug */ = {
			isa = XCBuildConfiguration;
			buildSettings = {
				ALWAYS_SEARCH_USER_PATHS = NO;
				CLANG_CXX_LANGUAGE_STANDARD = "gnu++0x";
				CLANG_CXX_LIBRARY = "libc++";
				CLANG_ENABLE_MODULES = YES;
				CLANG_ENABLE_OBJC_ARC = YES;
				CLANG_WARN_BOOL_CONVERSION = YES;
				CLANG_WARN_CONSTANT_CONVERSION = YES;
				CLANG_WARN_DIRECT_OBJC_ISA_USAGE = YES_ERROR;
				CLANG_WARN_DOCUMENTATION_COMMENTS = YES;
				CLANG_WARN_EMPTY_BODY = YES;
				CLANG_WARN_ENUM_CONVERSION = YES;
				CLANG_WARN_INT_CONVERSION = YES;
				CLANG_WARN_OBJC_ROOT_CLASS = YES_ERROR;
				CLANG_WARN_UNREACHABLE_CODE = YES;
				CLANG_WARN__DUPLICATE_METHOD_MATCH = YES;
				"CODE_SIGN_IDENTITY[sdk=iphoneos*]" = "iPhone Developer";
				COPY_PHASE_STRIP = NO;
				CURRENT_PROJECT_VERSION = 1;
				DEBUG_INFORMATION_FORMAT = dwarf;
				ENABLE_STRICT_OBJC_MSGSEND = YES;
				ENABLE_TESTABILITY = YES;
				GCC_C_LANGUAGE_STANDARD = gnu99;
				GCC_DYNAMIC_NO_PIC = NO;
				GCC_NO_COMMON_BLOCKS = YES;
				GCC_OPTIMIZATION_LEVEL = 0;
				GCC_PREPROCESSOR_DEFINITIONS = (
					"DEBUG=1",
					"$(inherited)",
				);
				GCC_TREAT_WARNINGS_AS_ERRORS = YES;
				GCC_WARN_64_TO_32_BIT_CONVERSION = YES;
				GCC_WARN_ABOUT_MISSING_NEWLINE = YES;
				GCC_WARN_ABOUT_RETURN_TYPE = YES_ERROR;
				GCC_WARN_PEDANTIC = YES;
				GCC_WARN_SHADOW = YES;
				GCC_WARN_UNDECLARED_SELECTOR = YES;
				GCC_WARN_UNINITIALIZED_AUTOS = YES_AGGRESSIVE;
				GCC_WARN_UNKNOWN_PRAGMAS = YES;
				GCC_WARN_UNUSED_FUNCTION = YES;
				GCC_WARN_UNUSED_LABEL = YES;
				GCC_WARN_UNUSED_PARAMETER = YES;
				GCC_WARN_UNUSED_VARIABLE = YES;
				IPHONEOS_DEPLOYMENT_TARGET = 9.0;
				MTL_ENABLE_DEBUG_INFO = YES;
				ONLY_ACTIVE_ARCH = YES;
				SDKROOT = iphoneos;
				SWIFT_OPTIMIZATION_LEVEL = "-Onone";
				TARGETED_DEVICE_FAMILY = "1,2";
				VERSIONING_SYSTEM = "apple-generic";
				VERSION_INFO_PREFIX = "";
			};
			name = Debug;
		};
		B972DB391C5E136000AE81D7 /* Release */ = {
			isa = XCBuildConfiguration;
			buildSettings = {
				ALWAYS_SEARCH_USER_PATHS = NO;
				CLANG_CXX_LANGUAGE_STANDARD = "gnu++0x";
				CLANG_CXX_LIBRARY = "libc++";
				CLANG_ENABLE_MODULES = YES;
				CLANG_ENABLE_OBJC_ARC = YES;
				CLANG_WARN_BOOL_CONVERSION = YES;
				CLANG_WARN_CONSTANT_CONVERSION = YES;
				CLANG_WARN_DIRECT_OBJC_ISA_USAGE = YES_ERROR;
				CLANG_WARN_DOCUMENTATION_COMMENTS = YES;
				CLANG_WARN_EMPTY_BODY = YES;
				CLANG_WARN_ENUM_CONVERSION = YES;
				CLANG_WARN_INT_CONVERSION = YES;
				CLANG_WARN_OBJC_ROOT_CLASS = YES_ERROR;
				CLANG_WARN_UNREACHABLE_CODE = YES;
				CLANG_WARN__DUPLICATE_METHOD_MATCH = YES;
				"CODE_SIGN_IDENTITY[sdk=iphoneos*]" = "iPhone Developer";
				COPY_PHASE_STRIP = NO;
				CURRENT_PROJECT_VERSION = 1;
				DEBUG_INFORMATION_FORMAT = "dwarf-with-dsym";
				ENABLE_NS_ASSERTIONS = NO;
				ENABLE_STRICT_OBJC_MSGSEND = YES;
				GCC_C_LANGUAGE_STANDARD = gnu99;
				GCC_NO_COMMON_BLOCKS = YES;
				GCC_TREAT_WARNINGS_AS_ERRORS = YES;
				GCC_WARN_64_TO_32_BIT_CONVERSION = YES;
				GCC_WARN_ABOUT_MISSING_NEWLINE = YES;
				GCC_WARN_ABOUT_RETURN_TYPE = YES_ERROR;
				GCC_WARN_PEDANTIC = YES;
				GCC_WARN_SHADOW = YES;
				GCC_WARN_UNDECLARED_SELECTOR = YES;
				GCC_WARN_UNINITIALIZED_AUTOS = YES_AGGRESSIVE;
				GCC_WARN_UNKNOWN_PRAGMAS = YES;
				GCC_WARN_UNUSED_FUNCTION = YES;
				GCC_WARN_UNUSED_LABEL = YES;
				GCC_WARN_UNUSED_PARAMETER = YES;
				GCC_WARN_UNUSED_VARIABLE = YES;
				IPHONEOS_DEPLOYMENT_TARGET = 9.0;
				MTL_ENABLE_DEBUG_INFO = NO;
				SDKROOT = iphoneos;
				TARGETED_DEVICE_FAMILY = "1,2";
				VALIDATE_PRODUCT = YES;
				VERSIONING_SYSTEM = "apple-generic";
				VERSION_INFO_PREFIX = "";
			};
			name = Release;
		};
		B972DB3B1C5E136000AE81D7 /* Debug */ = {
			isa = XCBuildConfiguration;
			baseConfigurationReference = A4D830E74A2028060524CC59 /* Pods-Log.debug.xcconfig */;
			buildSettings = {
				DEFINES_MODULE = YES;
				DYLIB_COMPATIBILITY_VERSION = 1;
				DYLIB_CURRENT_VERSION = 1;
				DYLIB_INSTALL_NAME_BASE = "@rpath";
				INFOPLIST_FILE = Log/Info.plist;
				INSTALL_PATH = "$(LOCAL_LIBRARY_DIR)/Frameworks";
				LD_RUNPATH_SEARCH_PATHS = "$(inherited) @executable_path/Frameworks @loader_path/Frameworks";
				PRODUCT_BUNDLE_IDENTIFIER = "org.deuterium-ice.Log";
				PRODUCT_NAME = "$(TARGET_NAME)";
				SKIP_INSTALL = YES;
				SWIFT_VERSION = 3.0;
			};
			name = Debug;
		};
		B972DB3C1C5E136000AE81D7 /* Release */ = {
			isa = XCBuildConfiguration;
			baseConfigurationReference = 6F8F36BC695FC0870FD27682 /* Pods-Log.release.xcconfig */;
			buildSettings = {
				DEFINES_MODULE = YES;
				DYLIB_COMPATIBILITY_VERSION = 1;
				DYLIB_CURRENT_VERSION = 1;
				DYLIB_INSTALL_NAME_BASE = "@rpath";
				INFOPLIST_FILE = Log/Info.plist;
				INSTALL_PATH = "$(LOCAL_LIBRARY_DIR)/Frameworks";
				LD_RUNPATH_SEARCH_PATHS = "$(inherited) @executable_path/Frameworks @loader_path/Frameworks";
				PRODUCT_BUNDLE_IDENTIFIER = "org.deuterium-ice.Log";
				PRODUCT_NAME = "$(TARGET_NAME)";
				SKIP_INSTALL = YES;
				SWIFT_OPTIMIZATION_LEVEL = "-Owholemodule";
				SWIFT_VERSION = 3.0;
			};
			name = Release;
		};
		B972DB3E1C5E136000AE81D7 /* Debug */ = {
			isa = XCBuildConfiguration;
			baseConfigurationReference = B26F8D5C4C740ACD4D44B7D8 /* Pods-LogTests.debug.xcconfig */;
			buildSettings = {
				ALWAYS_EMBED_SWIFT_STANDARD_LIBRARIES = YES;
				INFOPLIST_FILE = LogTests/Info.plist;
				LD_RUNPATH_SEARCH_PATHS = "$(inherited) @executable_path/Frameworks @loader_path/Frameworks";
				PRODUCT_BUNDLE_IDENTIFIER = "org.deuterium-ice.LogTests";
				PRODUCT_NAME = "$(TARGET_NAME)";
				SWIFT_VERSION = 3.0;
			};
			name = Debug;
		};
		B972DB3F1C5E136000AE81D7 /* Release */ = {
			isa = XCBuildConfiguration;
			baseConfigurationReference = E1D45C24564522A912C6187D /* Pods-LogTests.release.xcconfig */;
			buildSettings = {
				ALWAYS_EMBED_SWIFT_STANDARD_LIBRARIES = YES;
				INFOPLIST_FILE = LogTests/Info.plist;
				LD_RUNPATH_SEARCH_PATHS = "$(inherited) @executable_path/Frameworks @loader_path/Frameworks";
				PRODUCT_BUNDLE_IDENTIFIER = "org.deuterium-ice.LogTests";
				PRODUCT_NAME = "$(TARGET_NAME)";
				SWIFT_OPTIMIZATION_LEVEL = "-Owholemodule";
				SWIFT_VERSION = 3.0;
			};
			name = Release;
		};
/* End XCBuildConfiguration section */

/* Begin XCConfigurationList section */
		B972DB201C5E136000AE81D7 /* Build configuration list for PBXProject "Log" */ = {
			isa = XCConfigurationList;
			buildConfigurations = (
				B972DB381C5E136000AE81D7 /* Debug */,
				B972DB391C5E136000AE81D7 /* Release */,
			);
			defaultConfigurationIsVisible = 0;
			defaultConfigurationName = Release;
		};
		B972DB3A1C5E136000AE81D7 /* Build configuration list for PBXNativeTarget "Log" */ = {
			isa = XCConfigurationList;
			buildConfigurations = (
				B972DB3B1C5E136000AE81D7 /* Debug */,
				B972DB3C1C5E136000AE81D7 /* Release */,
			);
			defaultConfigurationIsVisible = 0;
			defaultConfigurationName = Release;
		};
		B972DB3D1C5E136000AE81D7 /* Build configuration list for PBXNativeTarget "LogTests" */ = {
			isa = XCConfigurationList;
			buildConfigurations = (
				B972DB3E1C5E136000AE81D7 /* Debug */,
				B972DB3F1C5E136000AE81D7 /* Release */,
			);
			defaultConfigurationIsVisible = 0;
			defaultConfigurationName = Release;
		};
/* End XCConfigurationList section */
	};
	rootObject = B972DB1D1C5E136000AE81D7 /* Project object */;
}
